
Microsoft Visual Studio Solution File, Format Version 12.00
# Visual Studio 2012
Project("{FAE04EC0-301F-11D3-BF4B-00C04F79EFBC}") = "LottoChecker", "LottoChecker\LottoChecker.csproj", "{E8312C30-B650-4857-B143-4C626634F621}"
EndProject
Project("{FAE04EC0-301F-11D3-BF4B-00C04F79EFBC}") = "LottoChecker.iOS", "iOS\LottoChecker.iOS.csproj", "{365722A2-A7DE-496A-963A-824B180F3DD0}"
EndProject
Project("{FAE04EC0-301F-11D3-BF4B-00C04F79EFBC}") = "LottoChecker.Droid", "Droid\LottoChecker.Droid.csproj", "{1D15A241-BFC0-4D20-9D77-5D1D77E9C7EA}"
EndProject
Project("{FAE04EC0-301F-11D3-BF4B-00C04F79EFBC}") = "LottoChecker.Test", "LottoChecker.Test\LottoChecker.Test.csproj", "{3902A89D-623B-4F83-A595-24E6117C5CF2}"
EndProject
Global
	GlobalSection(SolutionConfigurationPlatforms) = preSolution
		Debug|Any CPU = Debug|Any CPU
		Release|Any CPU = Release|Any CPU
		Debug|iPhoneSimulator = Debug|iPhoneSimulator
		Release|iPhone = Release|iPhone
		Release|iPhoneSimulator = Release|iPhoneSimulator
		Debug|iPhone = Debug|iPhone
	EndGlobalSection
	GlobalSection(ProjectConfigurationPlatforms) = postSolution
		{E8312C30-B650-4857-B143-4C626634F621}.Debug|Any CPU.ActiveCfg = Debug|Any CPU
		{E8312C30-B650-4857-B143-4C626634F621}.Debug|Any CPU.Build.0 = Debug|Any CPU
		{E8312C30-B650-4857-B143-4C626634F621}.Release|Any CPU.ActiveCfg = Release|Any CPU
		{E8312C30-B650-4857-B143-4C626634F621}.Release|Any CPU.Build.0 = Release|Any CPU
		{E8312C30-B650-4857-B143-4C626634F621}.Debug|iPhoneSimulator.ActiveCfg = Debug|Any CPU
		{E8312C30-B650-4857-B143-4C626634F621}.Debug|iPhoneSimulator.Build.0 = Debug|Any CPU
		{E8312C30-B650-4857-B143-4C626634F621}.Release|iPhone.ActiveCfg = Release|Any CPU
		{E8312C30-B650-4857-B143-4C626634F621}.Release|iPhone.Build.0 = Release|Any CPU
		{E8312C30-B650-4857-B143-4C626634F621}.Release|iPhoneSimulator.ActiveCfg = Release|Any CPU
		{E8312C30-B650-4857-B143-4C626634F621}.Release|iPhoneSimulator.Build.0 = Release|Any CPU
		{E8312C30-B650-4857-B143-4C626634F621}.Debug|iPhone.ActiveCfg = Debug|Any CPU
		{E8312C30-B650-4857-B143-4C626634F621}.Debug|iPhone.Build.0 = Debug|Any CPU
		{365722A2-A7DE-496A-963A-824B180F3DD0}.Debug|Any CPU.ActiveCfg = Debug|iPhoneSimulator
		{365722A2-A7DE-496A-963A-824B180F3DD0}.Debug|Any CPU.Build.0 = Debug|iPhoneSimulator
		{365722A2-A7DE-496A-963A-824B180F3DD0}.Release|Any CPU.ActiveCfg = Release|iPhone
		{365722A2-A7DE-496A-963A-824B180F3DD0}.Release|Any CPU.Build.0 = Release|iPhone
		{365722A2-A7DE-496A-963A-824B180F3DD0}.Debug|iPhoneSimulator.ActiveCfg = Debug|iPhoneSimulator
		{365722A2-A7DE-496A-963A-824B180F3DD0}.Debug|iPhoneSimulator.Build.0 = Debug|iPhoneSimulator
		{365722A2-A7DE-496A-963A-824B180F3DD0}.Release|iPhone.ActiveCfg = Release|iPhone
		{365722A2-A7DE-496A-963A-824B180F3DD0}.Release|iPhone.Build.0 = Release|iPhone
		{365722A2-A7DE-496A-963A-824B180F3DD0}.Release|iPhoneSimulator.ActiveCfg = Release|iPhoneSimulator
		{365722A2-A7DE-496A-963A-824B180F3DD0}.Release|iPhoneSimulator.Build.0 = Release|iPhoneSimulator
		{365722A2-A7DE-496A-963A-824B180F3DD0}.Debug|iPhone.ActiveCfg = Debug|iPhone
		{365722A2-A7DE-496A-963A-824B180F3DD0}.Debug|iPhone.Build.0 = Debug|iPhone
		{1D15A241-BFC0-4D20-9D77-5D1D77E9C7EA}.Debug|Any CPU.ActiveCfg = Debug|Any CPU
		{1D15A241-BFC0-4D20-9D77-5D1D77E9C7EA}.Debug|Any CPU.Build.0 = Debug|Any CPU
		{1D15A241-BFC0-4D20-9D77-5D1D77E9C7EA}.Release|Any CPU.ActiveCfg = Release|Any CPU
		{1D15A241-BFC0-4D20-9D77-5D1D77E9C7EA}.Release|Any CPU.Build.0 = Release|Any CPU
		{1D15A241-BFC0-4D20-9D77-5D1D77E9C7EA}.Debug|iPhoneSimulator.ActiveCfg = Debug|Any CPU
		{1D15A241-BFC0-4D20-9D77-5D1D77E9C7EA}.Debug|iPhoneSimulator.Build.0 = Debug|Any CPU
		{1D15A241-BFC0-4D20-9D77-5D1D77E9C7EA}.Release|iPhone.ActiveCfg = Release|Any CPU
		{1D15A241-BFC0-4D20-9D77-5D1D77E9C7EA}.Release|iPhone.Build.0 = Release|Any CPU
		{1D15A241-BFC0-4D20-9D77-5D1D77E9C7EA}.Release|iPhoneSimulator.ActiveCfg = Release|Any CPU
		{1D15A241-BFC0-4D20-9D77-5D1D77E9C7EA}.Release|iPhoneSimulator.Build.0 = Release|Any CPU
		{1D15A241-BFC0-4D20-9D77-5D1D77E9C7EA}.Debug|iPhone.ActiveCfg = Debug|Any CPU
		{1D15A241-BFC0-4D20-9D77-5D1D77E9C7EA}.Debug|iPhone.Build.0 = Debug|Any CPU
		{3902A89D-623B-4F83-A595-24E6117C5CF2}.Debug|Any CPU.ActiveCfg = Debug|Any CPU
		{3902A89D-623B-4F83-A595-24E6117C5CF2}.Debug|Any CPU.Build.0 = Debug|Any CPU
		{3902A89D-623B-4F83-A595-24E6117C5CF2}.Release|Any CPU.ActiveCfg = Release|Any CPU
		{3902A89D-623B-4F83-A595-24E6117C5CF2}.Release|Any CPU.Build.0 = Release|Any CPU
		{3902A89D-623B-4F83-A595-24E6117C5CF2}.Debug|iPhoneSimulator.ActiveCfg = Debug|Any CPU
		{3902A89D-623B-4F83-A595-24E6117C5CF2}.Debug|iPhoneSimulator.Build.0 = Debug|Any CPU
		{3902A89D-623B-4F83-A595-24E6117C5CF2}.Release|iPhone.ActiveCfg = Release|Any CPU
		{3902A89D-623B-4F83-A595-24E6117C5CF2}.Release|iPhone.Build.0 = Release|Any CPU
		{3902A89D-623B-4F83-A595-24E6117C5CF2}.Release|iPhoneSimulator.ActiveCfg = Release|Any CPU
		{3902A89D-623B-4F83-A595-24E6117C5CF2}.Release|iPhoneSimulator.Build.0 = Release|Any CPU
		{3902A89D-623B-4F83-A595-24E6117C5CF2}.Debug|iPhone.ActiveCfg = Debug|Any CPU
		{3902A89D-623B-4F83-A595-24E6117C5CF2}.Debug|iPhone.Build.0 = Debug|Any CPU
	EndGlobalSection
EndGlobal
